// !$*UTF8*$!
{
	archiveVersion = 1;
	classes = {
	};
	objectVersion = 56;
	objects = {

/* Begin PBXBuildFile section */
		A9A5C7A82BC4739700F5AA0A /* MainScreenCoordinator.swift in Sources */ = {isa = PBXBuildFile; fileRef = A9A5C7A72BC4739700F5AA0A /* MainScreenCoordinator.swift */; };
		A9A5C7AA2BC4753500F5AA0A /* AppCoordinator.swift in Sources */ = {isa = PBXBuildFile; fileRef = A9A5C7A92BC4753500F5AA0A /* AppCoordinator.swift */; };
		A9A5C7AC2BC4765600F5AA0A /* OnboardingCoordinator.swift in Sources */ = {isa = PBXBuildFile; fileRef = A9A5C7AB2BC4765600F5AA0A /* OnboardingCoordinator.swift */; };
		A9A5C7AE2BC5A79300F5AA0A /* WeatherNetworkManager.swift in Sources */ = {isa = PBXBuildFile; fileRef = A9A5C7AD2BC5A79300F5AA0A /* WeatherNetworkManager.swift */; };
		A9A5C7B72BC5BC6300F5AA0A /* SnapKit in Frameworks */ = {isa = PBXBuildFile; productRef = A9A5C7B62BC5BC6300F5AA0A /* SnapKit */; };
		A9A5C7B92BC5BC6300F5AA0A /* SnapKit-Dynamic in Frameworks */ = {isa = PBXBuildFile; productRef = A9A5C7B82BC5BC6300F5AA0A /* SnapKit-Dynamic */; };
		A9D798702BBC846100E3DDF8 /* AppDelegate.swift in Sources */ = {isa = PBXBuildFile; fileRef = A9D7986F2BBC846100E3DDF8 /* AppDelegate.swift */; };
		A9D798722BBC846100E3DDF8 /* SceneDelegate.swift in Sources */ = {isa = PBXBuildFile; fileRef = A9D798712BBC846100E3DDF8 /* SceneDelegate.swift */; };
		A9D7987A2BBC846100E3DDF8 /* Weather.xcdatamodeld in Sources */ = {isa = PBXBuildFile; fileRef = A9D798782BBC846100E3DDF8 /* Weather.xcdatamodeld */; };
		A9D7987C2BBC846300E3DDF8 /* Assets.xcassets in Resources */ = {isa = PBXBuildFile; fileRef = A9D7987B2BBC846300E3DDF8 /* Assets.xcassets */; };
		A9D7987F2BBC846300E3DDF8 /* LaunchScreen.storyboard in Resources */ = {isa = PBXBuildFile; fileRef = A9D7987D2BBC846300E3DDF8 /* LaunchScreen.storyboard */; };
		A9D7988F2BBC898600E3DDF8 /* Coordinator.swift in Sources */ = {isa = PBXBuildFile; fileRef = A9D7988E2BBC898600E3DDF8 /* Coordinator.swift */; };
		A9D798932BBC92B300E3DDF8 /* LocationOnboardingView.swift in Sources */ = {isa = PBXBuildFile; fileRef = A9D798922BBC92B300E3DDF8 /* LocationOnboardingView.swift */; };
		A9D798962BBC938200E3DDF8 /* LocationOnboardingViewModel.swift in Sources */ = {isa = PBXBuildFile; fileRef = A9D798952BBC938200E3DDF8 /* LocationOnboardingViewModel.swift */; };
		A9D798A02BBDE06F00E3DDF8 /* UIViewController.swift in Sources */ = {isa = PBXBuildFile; fileRef = A9D7989F2BBDE06F00E3DDF8 /* UIViewController.swift */; };
		A9D798A22BBE9B4200E3DDF8 /* SettingsOnboardingViewModel.swift in Sources */ = {isa = PBXBuildFile; fileRef = A9D798A12BBE9B4200E3DDF8 /* SettingsOnboardingViewModel.swift */; };
		A9D798A42BBE9B6700E3DDF8 /* SettingsOnboardiingView.swift in Sources */ = {isa = PBXBuildFile; fileRef = A9D798A32BBE9B6700E3DDF8 /* SettingsOnboardiingView.swift */; };
		A9D798A62BBF09D300E3DDF8 /* SettingsModel.swift in Sources */ = {isa = PBXBuildFile; fileRef = A9D798A52BBF09D300E3DDF8 /* SettingsModel.swift */; };
		A9D798B32BBF28B300E3DDF8 /* UITableView.swift in Sources */ = {isa = PBXBuildFile; fileRef = A9D798B22BBF28B300E3DDF8 /* UITableView.swift */; };
		A9D798B52BBF29C800E3DDF8 /* UITableViewCell.swift in Sources */ = {isa = PBXBuildFile; fileRef = A9D798B42BBF29C800E3DDF8 /* UITableViewCell.swift */; };
		A9D798B82BBFFE9000E3DDF8 /* UserAppSettings.swift in Sources */ = {isa = PBXBuildFile; fileRef = A9D798B72BBFFE9000E3DDF8 /* UserAppSettings.swift */; };
		A9D798BB2BC002D000E3DDF8 /* CoreDataManager.swift in Sources */ = {isa = PBXBuildFile; fileRef = A9D798BA2BC002D000E3DDF8 /* CoreDataManager.swift */; };
		A9D798BE2BC00EFB00E3DDF8 /* UserSettingsDataManager.swift in Sources */ = {isa = PBXBuildFile; fileRef = A9D798BD2BC00EFB00E3DDF8 /* UserSettingsDataManager.swift */; };
		A9D798C02BC0786700E3DDF8 /* UIView.swift in Sources */ = {isa = PBXBuildFile; fileRef = A9D798BF2BC0786700E3DDF8 /* UIView.swift */; };
		A9D798C42BC1969B00E3DDF8 /* CityWeatherView.swift in Sources */ = {isa = PBXBuildFile; fileRef = A9D798C32BC1969B00E3DDF8 /* CityWeatherView.swift */; };
		A9D798C62BC196A900E3DDF8 /* CityWeatherViewModel.swift in Sources */ = {isa = PBXBuildFile; fileRef = A9D798C52BC196A900E3DDF8 /* CityWeatherViewModel.swift */; };
		A9D798CA2BC19F6300E3DDF8 /* CurrentWeatherView.swift in Sources */ = {isa = PBXBuildFile; fileRef = A9D798C92BC19F6300E3DDF8 /* CurrentWeatherView.swift */; };
		A9D798CD2BC1BE3100E3DDF8 /* HourlyWeatherCollectionViewCell.swift in Sources */ = {isa = PBXBuildFile; fileRef = A9D798CC2BC1BE3100E3DDF8 /* HourlyWeatherCollectionViewCell.swift */; };
		A9D798CF2BC1C2A300E3DDF8 /* DailyWeatherTableViewCell.swift in Sources */ = {isa = PBXBuildFile; fileRef = A9D798CE2BC1C2A300E3DDF8 /* DailyWeatherTableViewCell.swift */; };
		A9D798D12BC1C48A00E3DDF8 /* HourlyTableViewCell.swift in Sources */ = {isa = PBXBuildFile; fileRef = A9D798D02BC1C48A00E3DDF8 /* HourlyTableViewCell.swift */; };
		A9D798D32BC1C6B800E3DDF8 /* UICollectionView.swift in Sources */ = {isa = PBXBuildFile; fileRef = A9D798D22BC1C6B800E3DDF8 /* UICollectionView.swift */; };
		A9D798D62BC1C70B00E3DDF8 /* UICollectionViewCell.swift in Sources */ = {isa = PBXBuildFile; fileRef = A9D798D52BC1C70B00E3DDF8 /* UICollectionViewCell.swift */; };
/* End PBXBuildFile section */

/* Begin PBXCopyFilesBuildPhase section */
		A9A5C7B02BC5BA9900F5AA0A /* Embed Frameworks */ = {
			isa = PBXCopyFilesBuildPhase;
			buildActionMask = 2147483647;
			dstPath = "";
			dstSubfolderSpec = 10;
			files = (
			);
			name = "Embed Frameworks";
			runOnlyForDeploymentPostprocessing = 0;
		};
/* End PBXCopyFilesBuildPhase section */

/* Begin PBXFileReference section */
		A9A5C7A72BC4739700F5AA0A /* MainScreenCoordinator.swift */ = {isa = PBXFileReference; lastKnownFileType = sourcecode.swift; path = MainScreenCoordinator.swift; sourceTree = "<group>"; };
		A9A5C7A92BC4753500F5AA0A /* AppCoordinator.swift */ = {isa = PBXFileReference; lastKnownFileType = sourcecode.swift; path = AppCoordinator.swift; sourceTree = "<group>"; };
		A9A5C7AB2BC4765600F5AA0A /* OnboardingCoordinator.swift */ = {isa = PBXFileReference; lastKnownFileType = sourcecode.swift; path = OnboardingCoordinator.swift; sourceTree = "<group>"; };
		A9A5C7AD2BC5A79300F5AA0A /* WeatherNetworkManager.swift */ = {isa = PBXFileReference; lastKnownFileType = sourcecode.swift; path = WeatherNetworkManager.swift; sourceTree = "<group>"; };
		A9D7986C2BBC846100E3DDF8 /* Weather.app */ = {isa = PBXFileReference; explicitFileType = wrapper.application; includeInIndex = 0; path = Weather.app; sourceTree = BUILT_PRODUCTS_DIR; };
		A9D7986F2BBC846100E3DDF8 /* AppDelegate.swift */ = {isa = PBXFileReference; lastKnownFileType = sourcecode.swift; path = AppDelegate.swift; sourceTree = "<group>"; };
		A9D798712BBC846100E3DDF8 /* SceneDelegate.swift */ = {isa = PBXFileReference; lastKnownFileType = sourcecode.swift; path = SceneDelegate.swift; sourceTree = "<group>"; };
		A9D798792BBC846100E3DDF8 /* Weather.xcdatamodel */ = {isa = PBXFileReference; lastKnownFileType = wrapper.xcdatamodel; path = Weather.xcdatamodel; sourceTree = "<group>"; };
		A9D7987B2BBC846300E3DDF8 /* Assets.xcassets */ = {isa = PBXFileReference; lastKnownFileType = folder.assetcatalog; path = Assets.xcassets; sourceTree = "<group>"; };
		A9D7987E2BBC846300E3DDF8 /* Base */ = {isa = PBXFileReference; lastKnownFileType = file.storyboard; name = Base; path = Base.lproj/LaunchScreen.storyboard; sourceTree = "<group>"; };
		A9D798802BBC846300E3DDF8 /* Info.plist */ = {isa = PBXFileReference; lastKnownFileType = text.plist.xml; path = Info.plist; sourceTree = "<group>"; };
		A9D7988E2BBC898600E3DDF8 /* Coordinator.swift */ = {isa = PBXFileReference; lastKnownFileType = sourcecode.swift; path = Coordinator.swift; sourceTree = "<group>"; };
		A9D798922BBC92B300E3DDF8 /* LocationOnboardingView.swift */ = {isa = PBXFileReference; lastKnownFileType = sourcecode.swift; path = LocationOnboardingView.swift; sourceTree = "<group>"; };
		A9D798952BBC938200E3DDF8 /* LocationOnboardingViewModel.swift */ = {isa = PBXFileReference; lastKnownFileType = sourcecode.swift; path = LocationOnboardingViewModel.swift; sourceTree = "<group>"; };
		A9D7989F2BBDE06F00E3DDF8 /* UIViewController.swift */ = {isa = PBXFileReference; lastKnownFileType = sourcecode.swift; path = UIViewController.swift; sourceTree = "<group>"; };
		A9D798A12BBE9B4200E3DDF8 /* SettingsOnboardingViewModel.swift */ = {isa = PBXFileReference; lastKnownFileType = sourcecode.swift; path = SettingsOnboardingViewModel.swift; sourceTree = "<group>"; };
		A9D798A32BBE9B6700E3DDF8 /* SettingsOnboardiingView.swift */ = {isa = PBXFileReference; lastKnownFileType = sourcecode.swift; path = SettingsOnboardiingView.swift; sourceTree = "<group>"; };
		A9D798A52BBF09D300E3DDF8 /* SettingsModel.swift */ = {isa = PBXFileReference; lastKnownFileType = sourcecode.swift; path = SettingsModel.swift; sourceTree = "<group>"; };
		A9D798B22BBF28B300E3DDF8 /* UITableView.swift */ = {isa = PBXFileReference; lastKnownFileType = sourcecode.swift; path = UITableView.swift; sourceTree = "<group>"; };
		A9D798B42BBF29C800E3DDF8 /* UITableViewCell.swift */ = {isa = PBXFileReference; lastKnownFileType = sourcecode.swift; path = UITableViewCell.swift; sourceTree = "<group>"; };
		A9D798B72BBFFE9000E3DDF8 /* UserAppSettings.swift */ = {isa = PBXFileReference; lastKnownFileType = sourcecode.swift; path = UserAppSettings.swift; sourceTree = "<group>"; };
		A9D798BA2BC002D000E3DDF8 /* CoreDataManager.swift */ = {isa = PBXFileReference; lastKnownFileType = sourcecode.swift; path = CoreDataManager.swift; sourceTree = "<group>"; };
		A9D798BD2BC00EFB00E3DDF8 /* UserSettingsDataManager.swift */ = {isa = PBXFileReference; lastKnownFileType = sourcecode.swift; path = UserSettingsDataManager.swift; sourceTree = "<group>"; };
		A9D798BF2BC0786700E3DDF8 /* UIView.swift */ = {isa = PBXFileReference; lastKnownFileType = sourcecode.swift; path = UIView.swift; sourceTree = "<group>"; };
		A9D798C32BC1969B00E3DDF8 /* CityWeatherView.swift */ = {isa = PBXFileReference; lastKnownFileType = sourcecode.swift; path = CityWeatherView.swift; sourceTree = "<group>"; };
		A9D798C52BC196A900E3DDF8 /* CityWeatherViewModel.swift */ = {isa = PBXFileReference; lastKnownFileType = sourcecode.swift; path = CityWeatherViewModel.swift; sourceTree = "<group>"; };
		A9D798C92BC19F6300E3DDF8 /* CurrentWeatherView.swift */ = {isa = PBXFileReference; lastKnownFileType = sourcecode.swift; path = CurrentWeatherView.swift; sourceTree = "<group>"; };
		A9D798CC2BC1BE3100E3DDF8 /* HourlyWeatherCollectionViewCell.swift */ = {isa = PBXFileReference; lastKnownFileType = sourcecode.swift; path = HourlyWeatherCollectionViewCell.swift; sourceTree = "<group>"; };
		A9D798CE2BC1C2A300E3DDF8 /* DailyWeatherTableViewCell.swift */ = {isa = PBXFileReference; lastKnownFileType = sourcecode.swift; path = DailyWeatherTableViewCell.swift; sourceTree = "<group>"; };
		A9D798D02BC1C48A00E3DDF8 /* HourlyTableViewCell.swift */ = {isa = PBXFileReference; lastKnownFileType = sourcecode.swift; path = HourlyTableViewCell.swift; sourceTree = "<group>"; };
		A9D798D22BC1C6B800E3DDF8 /* UICollectionView.swift */ = {isa = PBXFileReference; lastKnownFileType = sourcecode.swift; path = UICollectionView.swift; sourceTree = "<group>"; };
		A9D798D52BC1C70B00E3DDF8 /* UICollectionViewCell.swift */ = {isa = PBXFileReference; lastKnownFileType = sourcecode.swift; path = UICollectionViewCell.swift; sourceTree = "<group>"; };
/* End PBXFileReference section */

/* Begin PBXFrameworksBuildPhase section */
		A9D798692BBC846100E3DDF8 /* Frameworks */ = {
			isa = PBXFrameworksBuildPhase;
			buildActionMask = 2147483647;
			files = (
				A9A5C7B72BC5BC6300F5AA0A /* SnapKit in Frameworks */,
				A9A5C7B92BC5BC6300F5AA0A /* SnapKit-Dynamic in Frameworks */,
			);
			runOnlyForDeploymentPostprocessing = 0;
		};
/* End PBXFrameworksBuildPhase section */

/* Begin PBXGroup section */
		A9A5C7A42BC46C4600F5AA0A /* TableHeaderView */ = {
			isa = PBXGroup;
			children = (
			);
			path = TableHeaderView;
			sourceTree = "<group>";
		};
		A9A5C7B12BC5BBC400F5AA0A /* Frameworks */ = {
			isa = PBXGroup;
			children = (
			);
			name = Frameworks;
			sourceTree = "<group>";
		};
		A9D798632BBC846100E3DDF8 = {
			isa = PBXGroup;
			children = (
				A9D7986E2BBC846100E3DDF8 /* Weather */,
				A9D7986D2BBC846100E3DDF8 /* Products */,
				A9A5C7B12BC5BBC400F5AA0A /* Frameworks */,
			);
			sourceTree = "<group>";
		};
		A9D7986D2BBC846100E3DDF8 /* Products */ = {
			isa = PBXGroup;
			children = (
				A9D7986C2BBC846100E3DDF8 /* Weather.app */,
			);
			name = Products;
			sourceTree = "<group>";
		};
		A9D7986E2BBC846100E3DDF8 /* Weather */ = {
			isa = PBXGroup;
			children = (
				A9D798802BBC846300E3DDF8 /* Info.plist */,
				A9D798862BBC850C00E3DDF8 /* Common */,
				A9D798972BBC95AA00E3DDF8 /* Helpers */,
				A9D798AE2BBF1DF200E3DDF8 /* Resources */,
				A9D798982BBC95DB00E3DDF8 /* NetworkManager */,
				A9D798992BBC95F500E3DDF8 /* DataManagers */,
				A9D798872BBC853B00E3DDF8 /* Coordinators */,
				A9D798B62BBFFE4F00E3DDF8 /* Models */,
				A9D798882BBC858A00E3DDF8 /* Modules */,
			);
			path = Weather;
			sourceTree = "<group>";
		};
		A9D798862BBC850C00E3DDF8 /* Common */ = {
			isa = PBXGroup;
			children = (
				A9D7986F2BBC846100E3DDF8 /* AppDelegate.swift */,
				A9D798712BBC846100E3DDF8 /* SceneDelegate.swift */,
			);
			path = Common;
			sourceTree = "<group>";
		};
		A9D798872BBC853B00E3DDF8 /* Coordinators */ = {
			isa = PBXGroup;
			children = (
				A9D7988E2BBC898600E3DDF8 /* Coordinator.swift */,
				A9A5C7A92BC4753500F5AA0A /* AppCoordinator.swift */,
			);
			path = Coordinators;
			sourceTree = "<group>";
		};
		A9D798882BBC858A00E3DDF8 /* Modules */ = {
			isa = PBXGroup;
			children = (
				A9D7988C2BBC866700E3DDF8 /* OnboardingScreenModule */,
				A9D798892BBC859700E3DDF8 /* MainScreenModule */,
				A9D7988A2BBC85D600E3DDF8 /* HourlyScreenModule */,
				A9D7988B2BBC860800E3DDF8 /* DailyScreenModule */,
			);
			path = Modules;
			sourceTree = "<group>";
		};
		A9D798892BBC859700E3DDF8 /* MainScreenModule */ = {
			isa = PBXGroup;
			children = (
				A9A5C7A72BC4739700F5AA0A /* MainScreenCoordinator.swift */,
				A9D798C22BC1965000E3DDF8 /* CityWeatherModule */,
				A9D798C12BC1948D00E3DDF8 /* SideMenuModule */,
			);
			path = MainScreenModule;
			sourceTree = "<group>";
		};
		A9D7988A2BBC85D600E3DDF8 /* HourlyScreenModule */ = {
			isa = PBXGroup;
			children = (
			);
			path = HourlyScreenModule;
			sourceTree = "<group>";
		};
		A9D7988B2BBC860800E3DDF8 /* DailyScreenModule */ = {
			isa = PBXGroup;
			children = (
			);
			path = DailyScreenModule;
			sourceTree = "<group>";
		};
		A9D7988C2BBC866700E3DDF8 /* OnboardingScreenModule */ = {
			isa = PBXGroup;
			children = (
				A9A5C7AB2BC4765600F5AA0A /* OnboardingCoordinator.swift */,
				A9D798902BBC91EF00E3DDF8 /* LocationOnboardingModule */,
				A9D798912BBC923500E3DDF8 /* SettingsOnboardingModule */,
			);
			path = OnboardingScreenModule;
			sourceTree = "<group>";
		};
		A9D798902BBC91EF00E3DDF8 /* LocationOnboardingModule */ = {
			isa = PBXGroup;
			children = (
				A9D798922BBC92B300E3DDF8 /* LocationOnboardingView.swift */,
				A9D798952BBC938200E3DDF8 /* LocationOnboardingViewModel.swift */,
			);
			path = LocationOnboardingModule;
			sourceTree = "<group>";
		};
		A9D798912BBC923500E3DDF8 /* SettingsOnboardingModule */ = {
			isa = PBXGroup;
			children = (
				A9D798A52BBF09D300E3DDF8 /* SettingsModel.swift */,
				A9D798A32BBE9B6700E3DDF8 /* SettingsOnboardiingView.swift */,
				A9D798A12BBE9B4200E3DDF8 /* SettingsOnboardingViewModel.swift */,
			);
			path = SettingsOnboardingModule;
			sourceTree = "<group>";
		};
		A9D798972BBC95AA00E3DDF8 /* Helpers */ = {
			isa = PBXGroup;
			children = (
				A9D798AD2BBF1DD100E3DDF8 /* Extensions */,
			);
			path = Helpers;
			sourceTree = "<group>";
		};
		A9D798982BBC95DB00E3DDF8 /* NetworkManager */ = {
			isa = PBXGroup;
			children = (
				A9A5C7AD2BC5A79300F5AA0A /* WeatherNetworkManager.swift */,
			);
			path = NetworkManager;
			sourceTree = "<group>";
		};
		A9D798992BBC95F500E3DDF8 /* DataManagers */ = {
			isa = PBXGroup;
			children = (
				A9D798BC2BC00EA200E3DDF8 /* UserDefaults */,
				A9D798B92BC002A800E3DDF8 /* CoreData */,
			);
			path = DataManagers;
			sourceTree = "<group>";
		};
		A9D798AD2BBF1DD100E3DDF8 /* Extensions */ = {
			isa = PBXGroup;
			children = (
				A9D7989F2BBDE06F00E3DDF8 /* UIViewController.swift */,
				A9D798BF2BC0786700E3DDF8 /* UIView.swift */,
				A9D798B22BBF28B300E3DDF8 /* UITableView.swift */,
				A9D798B42BBF29C800E3DDF8 /* UITableViewCell.swift */,
				A9D798D22BC1C6B800E3DDF8 /* UICollectionView.swift */,
				A9D798D52BC1C70B00E3DDF8 /* UICollectionViewCell.swift */,
			);
			path = Extensions;
			sourceTree = "<group>";
		};
		A9D798AE2BBF1DF200E3DDF8 /* Resources */ = {
			isa = PBXGroup;
			children = (
				A9D798B12BBF1E7200E3DDF8 /* Storyboards */,
				A9D798B02BBF1E6B00E3DDF8 /* Images */,
			);
			path = Resources;
			sourceTree = "<group>";
		};
		A9D798B02BBF1E6B00E3DDF8 /* Images */ = {
			isa = PBXGroup;
			children = (
				A9D7987B2BBC846300E3DDF8 /* Assets.xcassets */,
			);
			path = Images;
			sourceTree = "<group>";
		};
		A9D798B12BBF1E7200E3DDF8 /* Storyboards */ = {
			isa = PBXGroup;
			children = (
				A9D7987D2BBC846300E3DDF8 /* LaunchScreen.storyboard */,
			);
			path = Storyboards;
			sourceTree = "<group>";
		};
		A9D798B62BBFFE4F00E3DDF8 /* Models */ = {
			isa = PBXGroup;
			children = (
				A9D798C72BC196B600E3DDF8 /* Settings */,
			);
			path = Models;
			sourceTree = "<group>";
		};
		A9D798B92BC002A800E3DDF8 /* CoreData */ = {
			isa = PBXGroup;
			children = (
				A9D798BA2BC002D000E3DDF8 /* CoreDataManager.swift */,
				A9D798782BBC846100E3DDF8 /* Weather.xcdatamodeld */,
			);
			path = CoreData;
			sourceTree = "<group>";
		};
		A9D798BC2BC00EA200E3DDF8 /* UserDefaults */ = {
			isa = PBXGroup;
			children = (
				A9D798BD2BC00EFB00E3DDF8 /* UserSettingsDataManager.swift */,
			);
			path = UserDefaults;
			sourceTree = "<group>";
		};
		A9D798C12BC1948D00E3DDF8 /* SideMenuModule */ = {
			isa = PBXGroup;
			children = (
			);
			path = SideMenuModule;
			sourceTree = "<group>";
		};
		A9D798C22BC1965000E3DDF8 /* CityWeatherModule */ = {
			isa = PBXGroup;
			children = (
				A9D798C82BC19CD500E3DDF8 /* Views */,
				A9D798C32BC1969B00E3DDF8 /* CityWeatherView.swift */,
				A9D798C52BC196A900E3DDF8 /* CityWeatherViewModel.swift */,
			);
			path = CityWeatherModule;
			sourceTree = "<group>";
		};
		A9D798C72BC196B600E3DDF8 /* Settings */ = {
			isa = PBXGroup;
			children = (
				A9D798B72BBFFE9000E3DDF8 /* UserAppSettings.swift */,
			);
			path = Settings;
			sourceTree = "<group>";
		};
		A9D798C82BC19CD500E3DDF8 /* Views */ = {
			isa = PBXGroup;
			children = (
				A9D798C92BC19F6300E3DDF8 /* CurrentWeatherView.swift */,
				A9D798CB2BC1BE0000E3DDF8 /* Cells */,
				A9A5C7A42BC46C4600F5AA0A /* TableHeaderView */,
			);
			path = Views;
			sourceTree = "<group>";
		};
		A9D798CB2BC1BE0000E3DDF8 /* Cells */ = {
			isa = PBXGroup;
			children = (
				A9D798D02BC1C48A00E3DDF8 /* HourlyTableViewCell.swift */,
				A9D798CC2BC1BE3100E3DDF8 /* HourlyWeatherCollectionViewCell.swift */,
				A9D798CE2BC1C2A300E3DDF8 /* DailyWeatherTableViewCell.swift */,
			);
			path = Cells;
			sourceTree = "<group>";
		};
/* End PBXGroup section */

/* Begin PBXNativeTarget section */
		A9D7986B2BBC846100E3DDF8 /* Weather */ = {
			isa = PBXNativeTarget;
			buildConfigurationList = A9D798832BBC846300E3DDF8 /* Build configuration list for PBXNativeTarget "Weather" */;
			buildPhases = (
				A9D798682BBC846100E3DDF8 /* Sources */,
				A9D798692BBC846100E3DDF8 /* Frameworks */,
				A9D7986A2BBC846100E3DDF8 /* Resources */,
				A9A5C7B02BC5BA9900F5AA0A /* Embed Frameworks */,
			);
			buildRules = (
			);
			dependencies = (
			);
			name = Weather;
			packageProductDependencies = (
				A9A5C7B62BC5BC6300F5AA0A /* SnapKit */,
				A9A5C7B82BC5BC6300F5AA0A /* SnapKit-Dynamic */,
			);
			productName = Weather;
			productReference = A9D7986C2BBC846100E3DDF8 /* Weather.app */;
			productType = "com.apple.product-type.application";
		};
/* End PBXNativeTarget section */

/* Begin PBXProject section */
		A9D798642BBC846100E3DDF8 /* Project object */ = {
			isa = PBXProject;
			attributes = {
				BuildIndependentTargetsInParallel = 1;
				LastSwiftUpdateCheck = 1520;
				LastUpgradeCheck = 1520;
				TargetAttributes = {
					A9D7986B2BBC846100E3DDF8 = {
						CreatedOnToolsVersion = 15.2;
					};
				};
			};
			buildConfigurationList = A9D798672BBC846100E3DDF8 /* Build configuration list for PBXProject "Weather" */;
			compatibilityVersion = "Xcode 14.0";
			developmentRegion = en;
			hasScannedForEncodings = 0;
			knownRegions = (
				en,
				Base,
			);
			mainGroup = A9D798632BBC846100E3DDF8;
			packageReferences = (
				A9A5C7B52BC5BC6300F5AA0A /* XCRemoteSwiftPackageReference "SnapKit" */,
			);
			productRefGroup = A9D7986D2BBC846100E3DDF8 /* Products */;
			projectDirPath = "";
			projectRoot = "";
			targets = (
				A9D7986B2BBC846100E3DDF8 /* Weather */,
			);
		};
/* End PBXProject section */

/* Begin PBXResourcesBuildPhase section */
		A9D7986A2BBC846100E3DDF8 /* Resources */ = {
			isa = PBXResourcesBuildPhase;
			buildActionMask = 2147483647;
			files = (
				A9D7987F2BBC846300E3DDF8 /* LaunchScreen.storyboard in Resources */,
				A9D7987C2BBC846300E3DDF8 /* Assets.xcassets in Resources */,
			);
			runOnlyForDeploymentPostprocessing = 0;
		};
/* End PBXResourcesBuildPhase section */

/* Begin PBXSourcesBuildPhase section */
		A9D798682BBC846100E3DDF8 /* Sources */ = {
			isa = PBXSourcesBuildPhase;
			buildActionMask = 2147483647;
			files = (
				A9D798C62BC196A900E3DDF8 /* CityWeatherViewModel.swift in Sources */,
				A9D798B52BBF29C800E3DDF8 /* UITableViewCell.swift in Sources */,
				A9D798D62BC1C70B00E3DDF8 /* UICollectionViewCell.swift in Sources */,
				A9D798CD2BC1BE3100E3DDF8 /* HourlyWeatherCollectionViewCell.swift in Sources */,
				A9D798A62BBF09D300E3DDF8 /* SettingsModel.swift in Sources */,
				A9D798CA2BC19F6300E3DDF8 /* CurrentWeatherView.swift in Sources */,
				A9D798CF2BC1C2A300E3DDF8 /* DailyWeatherTableViewCell.swift in Sources */,
				A9D798D12BC1C48A00E3DDF8 /* HourlyTableViewCell.swift in Sources */,
				A9D798A42BBE9B6700E3DDF8 /* SettingsOnboardiingView.swift in Sources */,
				A9D798962BBC938200E3DDF8 /* LocationOnboardingViewModel.swift in Sources */,
				A9A5C7AA2BC4753500F5AA0A /* AppCoordinator.swift in Sources */,
				A9D798BB2BC002D000E3DDF8 /* CoreDataManager.swift in Sources */,
				A9A5C7A82BC4739700F5AA0A /* MainScreenCoordinator.swift in Sources */,
				A9D7987A2BBC846100E3DDF8 /* Weather.xcdatamodeld in Sources */,
				A9D798D32BC1C6B800E3DDF8 /* UICollectionView.swift in Sources */,
				A9D798C42BC1969B00E3DDF8 /* CityWeatherView.swift in Sources */,
				A9D798932BBC92B300E3DDF8 /* LocationOnboardingView.swift in Sources */,
				A9A5C7AC2BC4765600F5AA0A /* OnboardingCoordinator.swift in Sources */,
				A9D7988F2BBC898600E3DDF8 /* Coordinator.swift in Sources */,
				A9D798A02BBDE06F00E3DDF8 /* UIViewController.swift in Sources */,
				A9D798702BBC846100E3DDF8 /* AppDelegate.swift in Sources */,
				A9D798A22BBE9B4200E3DDF8 /* SettingsOnboardingViewModel.swift in Sources */,
				A9D798BE2BC00EFB00E3DDF8 /* UserSettingsDataManager.swift in Sources */,
				A9D798B82BBFFE9000E3DDF8 /* UserAppSettings.swift in Sources */,
				A9D798722BBC846100E3DDF8 /* SceneDelegate.swift in Sources */,
				A9D798C02BC0786700E3DDF8 /* UIView.swift in Sources */,
				A9A5C7AE2BC5A79300F5AA0A /* WeatherNetworkManager.swift in Sources */,
				A9D798B32BBF28B300E3DDF8 /* UITableView.swift in Sources */,
			);
			runOnlyForDeploymentPostprocessing = 0;
		};
/* End PBXSourcesBuildPhase section */

/* Begin PBXVariantGroup section */
		A9D7987D2BBC846300E3DDF8 /* LaunchScreen.storyboard */ = {
			isa = PBXVariantGroup;
			children = (
				A9D7987E2BBC846300E3DDF8 /* Base */,
			);
			name = LaunchScreen.storyboard;
			sourceTree = "<group>";
		};
/* End PBXVariantGroup section */

/* Begin XCBuildConfiguration section */
		A9D798812BBC846300E3DDF8 /* Debug */ = {
			isa = XCBuildConfiguration;
			buildSettings = {
				ALWAYS_SEARCH_USER_PATHS = NO;
				ASSETCATALOG_COMPILER_GENERATE_SWIFT_ASSET_SYMBOL_EXTENSIONS = YES;
				CLANG_ANALYZER_NONNULL = YES;
				CLANG_ANALYZER_NUMBER_OBJECT_CONVERSION = YES_AGGRESSIVE;
				CLANG_CXX_LANGUAGE_STANDARD = "gnu++20";
				CLANG_ENABLE_MODULES = YES;
				CLANG_ENABLE_OBJC_ARC = YES;
				CLANG_ENABLE_OBJC_WEAK = YES;
				CLANG_WARN_BLOCK_CAPTURE_AUTORELEASING = YES;
				CLANG_WARN_BOOL_CONVERSION = YES;
				CLANG_WARN_COMMA = YES;
				CLANG_WARN_CONSTANT_CONVERSION = YES;
				CLANG_WARN_DEPRECATED_OBJC_IMPLEMENTATIONS = YES;
				CLANG_WARN_DIRECT_OBJC_ISA_USAGE = YES_ERROR;
				CLANG_WARN_DOCUMENTATION_COMMENTS = YES;
				CLANG_WARN_EMPTY_BODY = YES;
				CLANG_WARN_ENUM_CONVERSION = YES;
				CLANG_WARN_INFINITE_RECURSION = YES;
				CLANG_WARN_INT_CONVERSION = YES;
				CLANG_WARN_NON_LITERAL_NULL_CONVERSION = YES;
				CLANG_WARN_OBJC_IMPLICIT_RETAIN_SELF = YES;
				CLANG_WARN_OBJC_LITERAL_CONVERSION = YES;
				CLANG_WARN_OBJC_ROOT_CLASS = YES_ERROR;
				CLANG_WARN_QUOTED_INCLUDE_IN_FRAMEWORK_HEADER = YES;
				CLANG_WARN_RANGE_LOOP_ANALYSIS = YES;
				CLANG_WARN_STRICT_PROTOTYPES = YES;
				CLANG_WARN_SUSPICIOUS_MOVE = YES;
				CLANG_WARN_UNGUARDED_AVAILABILITY = YES_AGGRESSIVE;
				CLANG_WARN_UNREACHABLE_CODE = YES;
				CLANG_WARN__DUPLICATE_METHOD_MATCH = YES;
				COPY_PHASE_STRIP = NO;
				DEBUG_INFORMATION_FORMAT = dwarf;
				ENABLE_STRICT_OBJC_MSGSEND = YES;
				ENABLE_TESTABILITY = YES;
				ENABLE_USER_SCRIPT_SANDBOXING = YES;
				GCC_C_LANGUAGE_STANDARD = gnu17;
				GCC_DYNAMIC_NO_PIC = NO;
				GCC_NO_COMMON_BLOCKS = YES;
				GCC_OPTIMIZATION_LEVEL = 0;
				GCC_PREPROCESSOR_DEFINITIONS = (
					"DEBUG=1",
					"$(inherited)",
				);
				GCC_WARN_64_TO_32_BIT_CONVERSION = YES;
				GCC_WARN_ABOUT_RETURN_TYPE = YES_ERROR;
				GCC_WARN_UNDECLARED_SELECTOR = YES;
				GCC_WARN_UNINITIALIZED_AUTOS = YES_AGGRESSIVE;
				GCC_WARN_UNUSED_FUNCTION = YES;
				GCC_WARN_UNUSED_VARIABLE = YES;
				IPHONEOS_DEPLOYMENT_TARGET = 17.2;
				LOCALIZATION_PREFERS_STRING_CATALOGS = YES;
				MTL_ENABLE_DEBUG_INFO = INCLUDE_SOURCE;
				MTL_FAST_MATH = YES;
				ONLY_ACTIVE_ARCH = YES;
				SDKROOT = iphoneos;
				SWIFT_ACTIVE_COMPILATION_CONDITIONS = "DEBUG $(inherited)";
				SWIFT_OPTIMIZATION_LEVEL = "-Onone";
			};
			name = Debug;
		};
		A9D798822BBC846300E3DDF8 /* Release */ = {
			isa = XCBuildConfiguration;
			buildSettings = {
				ALWAYS_SEARCH_USER_PATHS = NO;
				ASSETCATALOG_COMPILER_GENERATE_SWIFT_ASSET_SYMBOL_EXTENSIONS = YES;
				CLANG_ANALYZER_NONNULL = YES;
				CLANG_ANALYZER_NUMBER_OBJECT_CONVERSION = YES_AGGRESSIVE;
				CLANG_CXX_LANGUAGE_STANDARD = "gnu++20";
				CLANG_ENABLE_MODULES = YES;
				CLANG_ENABLE_OBJC_ARC = YES;
				CLANG_ENABLE_OBJC_WEAK = YES;
				CLANG_WARN_BLOCK_CAPTURE_AUTORELEASING = YES;
				CLANG_WARN_BOOL_CONVERSION = YES;
				CLANG_WARN_COMMA = YES;
				CLANG_WARN_CONSTANT_CONVERSION = YES;
				CLANG_WARN_DEPRECATED_OBJC_IMPLEMENTATIONS = YES;
				CLANG_WARN_DIRECT_OBJC_ISA_USAGE = YES_ERROR;
				CLANG_WARN_DOCUMENTATION_COMMENTS = YES;
				CLANG_WARN_EMPTY_BODY = YES;
				CLANG_WARN_ENUM_CONVERSION = YES;
				CLANG_WARN_INFINITE_RECURSION = YES;
				CLANG_WARN_INT_CONVERSION = YES;
				CLANG_WARN_NON_LITERAL_NULL_CONVERSION = YES;
				CLANG_WARN_OBJC_IMPLICIT_RETAIN_SELF = YES;
				CLANG_WARN_OBJC_LITERAL_CONVERSION = YES;
				CLANG_WARN_OBJC_ROOT_CLASS = YES_ERROR;
				CLANG_WARN_QUOTED_INCLUDE_IN_FRAMEWORK_HEADER = YES;
				CLANG_WARN_RANGE_LOOP_ANALYSIS = YES;
				CLANG_WARN_STRICT_PROTOTYPES = YES;
				CLANG_WARN_SUSPICIOUS_MOVE = YES;
				CLANG_WARN_UNGUARDED_AVAILABILITY = YES_AGGRESSIVE;
				CLANG_WARN_UNREACHABLE_CODE = YES;
				CLANG_WARN__DUPLICATE_METHOD_MATCH = YES;
				COPY_PHASE_STRIP = NO;
				DEBUG_INFORMATION_FORMAT = "dwarf-with-dsym";
				ENABLE_NS_ASSERTIONS = NO;
				ENABLE_STRICT_OBJC_MSGSEND = YES;
				ENABLE_USER_SCRIPT_SANDBOXING = YES;
				GCC_C_LANGUAGE_STANDARD = gnu17;
				GCC_NO_COMMON_BLOCKS = YES;
				GCC_WARN_64_TO_32_BIT_CONVERSION = YES;
				GCC_WARN_ABOUT_RETURN_TYPE = YES_ERROR;
				GCC_WARN_UNDECLARED_SELECTOR = YES;
				GCC_WARN_UNINITIALIZED_AUTOS = YES_AGGRESSIVE;
				GCC_WARN_UNUSED_FUNCTION = YES;
				GCC_WARN_UNUSED_VARIABLE = YES;
				IPHONEOS_DEPLOYMENT_TARGET = 17.2;
				LOCALIZATION_PREFERS_STRING_CATALOGS = YES;
				MTL_ENABLE_DEBUG_INFO = NO;
				MTL_FAST_MATH = YES;
				SDKROOT = iphoneos;
				SWIFT_COMPILATION_MODE = wholemodule;
				VALIDATE_PRODUCT = YES;
			};
			name = Release;
		};
		A9D798842BBC846300E3DDF8 /* Debug */ = {
			isa = XCBuildConfiguration;
			buildSettings = {
				ASSETCATALOG_COMPILER_APPICON_NAME = AppIcon;
				ASSETCATALOG_COMPILER_GLOBAL_ACCENT_COLOR_NAME = AccentColor;
				CODE_SIGN_STYLE = Automatic;
				CURRENT_PROJECT_VERSION = 1;
				DEVELOPMENT_TEAM = GVZ5VP5Q9P;
				GENERATE_INFOPLIST_FILE = YES;
				INFOPLIST_FILE = Weather/Info.plist;
				INFOPLIST_KEY_CFBundleDisplayName = MyWeather;
				INFOPLIST_KEY_LSApplicationCategoryType = "public.app-category.weather";
				INFOPLIST_KEY_UIApplicationSupportsIndirectInputEvents = YES;
				INFOPLIST_KEY_UILaunchStoryboardName = LaunchScreen.storyboard;
				INFOPLIST_KEY_UIStatusBarStyle = "";
				INFOPLIST_KEY_UISupportedInterfaceOrientations = UIInterfaceOrientationPortrait;
				IPHONEOS_DEPLOYMENT_TARGET = 14.0;
				LD_RUNPATH_SEARCH_PATHS = (
					"$(inherited)",
					"@executable_path/Frameworks",
				);
				MARKETING_VERSION = 1.0;
				PRODUCT_BUNDLE_IDENTIFIER = m.vashkevich.Weather;
				PRODUCT_NAME = "$(TARGET_NAME)";
				SWIFT_EMIT_LOC_STRINGS = YES;
				SWIFT_VERSION = 5.0;
				TARGETED_DEVICE_FAMILY = "1,2";
			};
			name = Debug;
		};
		A9D798852BBC846300E3DDF8 /* Release */ = {
			isa = XCBuildConfiguration;
			buildSettings = {
				ASSETCATALOG_COMPILER_APPICON_NAME = AppIcon;
				ASSETCATALOG_COMPILER_GLOBAL_ACCENT_COLOR_NAME = AccentColor;
				CODE_SIGN_STYLE = Automatic;
				CURRENT_PROJECT_VERSION = 1;
				DEVELOPMENT_TEAM = GVZ5VP5Q9P;
				GENERATE_INFOPLIST_FILE = YES;
				INFOPLIST_FILE = Weather/Info.plist;
				INFOPLIST_KEY_CFBundleDisplayName = MyWeather;
				INFOPLIST_KEY_LSApplicationCategoryType = "public.app-category.weather";
				INFOPLIST_KEY_UIApplicationSupportsIndirectInputEvents = YES;
				INFOPLIST_KEY_UILaunchStoryboardName = LaunchScreen.storyboard;
				INFOPLIST_KEY_UIStatusBarStyle = "";
				INFOPLIST_KEY_UISupportedInterfaceOrientations = UIInterfaceOrientationPortrait;
				IPHONEOS_DEPLOYMENT_TARGET = 14.0;
				LD_RUNPATH_SEARCH_PATHS = (
					"$(inherited)",
					"@executable_path/Frameworks",
				);
				MARKETING_VERSION = 1.0;
				PRODUCT_BUNDLE_IDENTIFIER = m.vashkevich.Weather;
				PRODUCT_NAME = "$(TARGET_NAME)";
				SWIFT_EMIT_LOC_STRINGS = YES;
				SWIFT_VERSION = 5.0;
				TARGETED_DEVICE_FAMILY = "1,2";
			};
			name = Release;
		};
/* End XCBuildConfiguration section */

/* Begin XCConfigurationList section */
		A9D798672BBC846100E3DDF8 /* Build configuration list for PBXProject "Weather" */ = {
			isa = XCConfigurationList;
			buildConfigurations = (
				A9D798812BBC846300E3DDF8 /* Debug */,
				A9D798822BBC846300E3DDF8 /* Release */,
			);
			defaultConfigurationIsVisible = 0;
			defaultConfigurationName = Release;
		};
		A9D798832BBC846300E3DDF8 /* Build configuration list for PBXNativeTarget "Weather" */ = {
			isa = XCConfigurationList;
			buildConfigurations = (
				A9D798842BBC846300E3DDF8 /* Debug */,
				A9D798852BBC846300E3DDF8 /* Release */,
			);
			defaultConfigurationIsVisible = 0;
			defaultConfigurationName = Release;
		};
/* End XCConfigurationList section */

/* Begin XCRemoteSwiftPackageReference section */
		A9A5C7B52BC5BC6300F5AA0A /* XCRemoteSwiftPackageReference "SnapKit" */ = {
			isa = XCRemoteSwiftPackageReference;
			repositoryURL = "https://github.com/SnapKit/SnapKit.git";
			requirement = {
				kind = upToNextMajorVersion;
				minimumVersion = 5.7.1;
			};
		};
/* End XCRemoteSwiftPackageReference section */

/* Begin XCSwiftPackageProductDependency section */
		A9A5C7B62BC5BC6300F5AA0A /* SnapKit */ = {
			isa = XCSwiftPackageProductDependency;
			package = A9A5C7B52BC5BC6300F5AA0A /* XCRemoteSwiftPackageReference "SnapKit" */;
			productName = SnapKit;
		};
		A9A5C7B82BC5BC6300F5AA0A /* SnapKit-Dynamic */ = {
			isa = XCSwiftPackageProductDependency;
			package = A9A5C7B52BC5BC6300F5AA0A /* XCRemoteSwiftPackageReference "SnapKit" */;
			productName = "SnapKit-Dynamic";
		};
/* End XCSwiftPackageProductDependency section */

/* Begin XCVersionGroup section */
		A9D798782BBC846100E3DDF8 /* Weather.xcdatamodeld */ = {
			isa = XCVersionGroup;
			children = (
				A9D798792BBC846100E3DDF8 /* Weather.xcdatamodel */,
			);
			currentVersion = A9D798792BBC846100E3DDF8 /* Weather.xcdatamodel */;
			path = Weather.xcdatamodeld;
			sourceTree = "<group>";
			versionGroupType = wrapper.xcdatamodel;
		};
/* End XCVersionGroup section */
	};
	rootObject = A9D798642BBC846100E3DDF8 /* Project object */;
}
